
Microsoft Visual Studio Solution File, Format Version 12.00
# Visual Studio Version 16
VisualStudioVersion = 16.0.30907.101
MinimumVisualStudioVersion = 10.0.40219.1
Project("{FAE04EC0-301F-11D3-BF4B-00C04F79EFBC}") = "cicloswhiteyfor", "cicloswhiteyfor\cicloswhiteyfor.csproj", "{C6ABFC05-B5E5-4139-A6E5-3F3703CE0DEA}"
EndProject
Global
	GlobalSection(SolutionConfigurationPlatforms) = preSolution
		Debug|Any CPU = Debug|Any CPU
		Release|Any CPU = Release|Any CPU
	EndGlobalSection
	GlobalSection(ProjectConfigurationPlatforms) = postSolution
		{C6ABFC05-B5E5-4139-A6E5-3F3703CE0DEA}.Debug|Any CPU.ActiveCfg = Debug|Any CPU
		{C6ABFC05-B5E5-4139-A6E5-3F3703CE0DEA}.Debug|Any CPU.Build.0 = Debug|Any CPU
		{C6ABFC05-B5E5-4139-A6E5-3F3703CE0DEA}.Release|Any CPU.ActiveCfg = Release|Any CPU
		{C6ABFC05-B5E5-4139-A6E5-3F3703CE0DEA}.Release|Any CPU.Build.0 = Release|Any CPU
	EndGlobalSection
	GlobalSection(SolutionProperties) = preSolution
		HideSolutionNode = FALSE
	EndGlobalSection
	GlobalSection(ExtensibilityGlobals) = postSolution
		SolutionGuid = {F1450BDA-50E2-4233-9F16-6761DCAF7F2E}
	EndGlobalSection
EndGlobal
